// !$*UTF8*$!
{
	archiveVersion = 1;
	classes = {
	};
	objectVersion = 56;
	objects = {

/* Begin PBXBuildFile section */
		8457FDC12B9AC6F200877209 /* SwiftUI_WebViewApp.swift in Sources */ = {isa = PBXBuildFile; fileRef = 8457FDC02B9AC6F200877209 /* SwiftUI_WebViewApp.swift */; };
		8457FDC32B9AC6F200877209 /* ContentView.swift in Sources */ = {isa = PBXBuildFile; fileRef = 8457FDC22B9AC6F200877209 /* ContentView.swift */; };
		8457FDC52B9AC6F800877209 /* Assets.xcassets in Resources */ = {isa = PBXBuildFile; fileRef = 8457FDC42B9AC6F800877209 /* Assets.xcassets */; };
		8457FDC82B9AC6F800877209 /* Preview Assets.xcassets in Resources */ = {isa = PBXBuildFile; fileRef = 8457FDC72B9AC6F800877209 /* Preview Assets.xcassets */; };
		8457FDD22B9AC6F900877209 /* SwiftUI_WebViewTests.swift in Sources */ = {isa = PBXBuildFile; fileRef = 8457FDD12B9AC6F900877209 /* SwiftUI_WebViewTests.swift */; };
		8457FDDC2B9AC6F900877209 /* SwiftUI_WebViewUITests.swift in Sources */ = {isa = PBXBuildFile; fileRef = 8457FDDB2B9AC6F900877209 /* SwiftUI_WebViewUITests.swift */; };
		8457FDDE2B9AC6F900877209 /* SwiftUI_WebViewUITestsLaunchTests.swift in Sources */ = {isa = PBXBuildFile; fileRef = 8457FDDD2B9AC6F900877209 /* SwiftUI_WebViewUITestsLaunchTests.swift */; };
/* End PBXBuildFile section */

/* Begin PBXContainerItemProxy section */
		8457FDCE2B9AC6F900877209 /* PBXContainerItemProxy */ = {
			isa = PBXContainerItemProxy;
			containerPortal = 8457FDB52B9AC6F200877209 /* Project object */;
			proxyType = 1;
			remoteGlobalIDString = 8457FDBC2B9AC6F200877209;
			remoteInfo = "SwiftUI-WebView";
		};
		8457FDD82B9AC6F900877209 /* PBXContainerItemProxy */ = {
			isa = PBXContainerItemProxy;
			containerPortal = 8457FDB52B9AC6F200877209 /* Project object */;
			proxyType = 1;
			remoteGlobalIDString = 8457FDBC2B9AC6F200877209;
			remoteInfo = "SwiftUI-WebView";
		};
/* End PBXContainerItemProxy section */

/* Begin PBXFileReference section */
		8457FDBD2B9AC6F200877209 /* SwiftUI-WebView.app */ = {isa = PBXFileReference; explicitFileType = wrapper.application; includeInIndex = 0; path = "SwiftUI-WebView.app"; sourceTree = BUILT_PRODUCTS_DIR; };
		8457FDC02B9AC6F200877209 /* SwiftUI_WebViewApp.swift */ = {isa = PBXFileReference; lastKnownFileType = sourcecode.swift; path = SwiftUI_WebViewApp.swift; sourceTree = "<group>"; };
		8457FDC22B9AC6F200877209 /* ContentView.swift */ = {isa = PBXFileReference; lastKnownFileType = sourcecode.swift; path = ContentView.swift; sourceTree = "<group>"; };
		8457FDC42B9AC6F800877209 /* Assets.xcassets */ = {isa = PBXFileReference; lastKnownFileType = folder.assetcatalog; path = Assets.xcassets; sourceTree = "<group>"; };
		8457FDC72B9AC6F800877209 /* Preview Assets.xcassets */ = {isa = PBXFileReference; lastKnownFileType = folder.assetcatalog; path = "Preview Assets.xcassets"; sourceTree = "<group>"; };
		8457FDCD2B9AC6F900877209 /* SwiftUI-WebViewTests.xctest */ = {isa = PBXFileReference; explicitFileType = wrapper.cfbundle; includeInIndex = 0; path = "SwiftUI-WebViewTests.xctest"; sourceTree = BUILT_PRODUCTS_DIR; };
		8457FDD12B9AC6F900877209 /* SwiftUI_WebViewTests.swift */ = {isa = PBXFileReference; lastKnownFileType = sourcecode.swift; path = SwiftUI_WebViewTests.swift; sourceTree = "<group>"; };
		8457FDD72B9AC6F900877209 /* SwiftUI-WebViewUITests.xctest */ = {isa = PBXFileReference; explicitFileType = wrapper.cfbundle; includeInIndex = 0; path = "SwiftUI-WebViewUITests.xctest"; sourceTree = BUILT_PRODUCTS_DIR; };
		8457FDDB2B9AC6F900877209 /* SwiftUI_WebViewUITests.swift */ = {isa = PBXFileReference; lastKnownFileType = sourcecode.swift; path = SwiftUI_WebViewUITests.swift; sourceTree = "<group>"; };
		8457FDDD2B9AC6F900877209 /* SwiftUI_WebViewUITestsLaunchTests.swift */ = {isa = PBXFileReference; lastKnownFileType = sourcecode.swift; path = SwiftUI_WebViewUITestsLaunchTests.swift; sourceTree = "<group>"; };
/* End PBXFileReference section */

/* Begin PBXFrameworksBuildPhase section */
		8457FDBA2B9AC6F200877209 /* Frameworks */ = {
			isa = PBXFrameworksBuildPhase;
			buildActionMask = 2147483647;
			files = (
			);
			runOnlyForDeploymentPostprocessing = 0;
		};
		8457FDCA2B9AC6F900877209 /* Frameworks */ = {
			isa = PBXFrameworksBuildPhase;
			buildActionMask = 2147483647;
			files = (
			);
			runOnlyForDeploymentPostprocessing = 0;
		};
		8457FDD42B9AC6F900877209 /* Frameworks */ = {
			isa = PBXFrameworksBuildPhase;
			buildActionMask = 2147483647;
			files = (
			);
			runOnlyForDeploymentPostprocessing = 0;
		};
/* End PBXFrameworksBuildPhase section */

/* Begin PBXGroup section */
		8457FDB42B9AC6F200877209 = {
			isa = PBXGroup;
			children = (
				8457FDBF2B9AC6F200877209 /* SwiftUI-WebView */,
				8457FDD02B9AC6F900877209 /* SwiftUI-WebViewTests */,
				8457FDDA2B9AC6F900877209 /* SwiftUI-WebViewUITests */,
				8457FDBE2B9AC6F200877209 /* Products */,
			);
			sourceTree = "<group>";
		};
		8457FDBE2B9AC6F200877209 /* Products */ = {
			isa = PBXGroup;
			children = (
				8457FDBD2B9AC6F200877209 /* SwiftUI-WebView.app */,
				8457FDCD2B9AC6F900877209 /* SwiftUI-WebViewTests.xctest */,
				8457FDD72B9AC6F900877209 /* SwiftUI-WebViewUITests.xctest */,
			);
			name = Products;
			sourceTree = "<group>";
		};
		8457FDBF2B9AC6F200877209 /* SwiftUI-WebView */ = {
			isa = PBXGroup;
			children = (
				8457FDC02B9AC6F200877209 /* SwiftUI_WebViewApp.swift */,
				8457FDC22B9AC6F200877209 /* ContentView.swift */,
				8457FDC42B9AC6F800877209 /* Assets.xcassets */,
				8457FDC62B9AC6F800877209 /* Preview Content */,
			);
			path = "SwiftUI-WebView";
			sourceTree = "<group>";
		};
		8457FDC62B9AC6F800877209 /* Preview Content */ = {
			isa = PBXGroup;
			children = (
				8457FDC72B9AC6F800877209 /* Preview Assets.xcassets */,
			);
			path = "Preview Content";
			sourceTree = "<group>";
		};
		8457FDD02B9AC6F900877209 /* SwiftUI-WebViewTests */ = {
			isa = PBXGroup;
			children = (
				8457FDD12B9AC6F900877209 /* SwiftUI_WebViewTests.swift */,
			);
			path = "SwiftUI-WebViewTests";
			sourceTree = "<group>";
		};
		8457FDDA2B9AC6F900877209 /* SwiftUI-WebViewUITests */ = {
			isa = PBXGroup;
			children = (
				8457FDDB2B9AC6F900877209 /* SwiftUI_WebViewUITests.swift */,
				8457FDDD2B9AC6F900877209 /* SwiftUI_WebViewUITestsLaunchTests.swift */,
			);
			path = "SwiftUI-WebViewUITests";
			sourceTree = "<group>";
		};
/* End PBXGroup section */

/* Begin PBXNativeTarget section */
		8457FDBC2B9AC6F200877209 /* SwiftUI-WebView */ = {
			isa = PBXNativeTarget;
			buildConfigurationList = 8457FDE12B9AC6F900877209 /* Build configuration list for PBXNativeTarget "SwiftUI-WebView" */;
			buildPhases = (
				8457FDB92B9AC6F200877209 /* Sources */,
				8457FDBA2B9AC6F200877209 /* Frameworks */,
				8457FDBB2B9AC6F200877209 /* Resources */,
			);
			buildRules = (
			);
			dependencies = (
			);
			name = "SwiftUI-WebView";
			productName = "SwiftUI-WebView";
			productReference = 8457FDBD2B9AC6F200877209 /* SwiftUI-WebView.app */;
			productType = "com.apple.product-type.application";
		};
		8457FDCC2B9AC6F900877209 /* SwiftUI-WebViewTests */ = {
			isa = PBXNativeTarget;
			buildConfigurationList = 8457FDE42B9AC6F900877209 /* Build configuration list for PBXNativeTarget "SwiftUI-WebViewTests" */;
			buildPhases = (
				8457FDC92B9AC6F900877209 /* Sources */,
				8457FDCA2B9AC6F900877209 /* Frameworks */,
				8457FDCB2B9AC6F900877209 /* Resources */,
			);
			buildRules = (
			);
			dependencies = (
				8457FDCF2B9AC6F900877209 /* PBXTargetDependency */,
			);
			name = "SwiftUI-WebViewTests";
			productName = "SwiftUI-WebViewTests";
			productReference = 8457FDCD2B9AC6F900877209 /* SwiftUI-WebViewTests.xctest */;
			productType = "com.apple.product-type.bundle.unit-test";
		};
		8457FDD62B9AC6F900877209 /* SwiftUI-WebViewUITests */ = {
			isa = PBXNativeTarget;
			buildConfigurationList = 8457FDE72B9AC6F900877209 /* Build configuration list for PBXNativeTarget "SwiftUI-WebViewUITests" */;
			buildPhases = (
				8457FDD32B9AC6F900877209 /* Sources */,
				8457FDD42B9AC6F900877209 /* Frameworks */,
				8457FDD52B9AC6F900877209 /* Resources */,
			);
			buildRules = (
			);
			dependencies = (
				8457FDD92B9AC6F900877209 /* PBXTargetDependency */,
			);
			name = "SwiftUI-WebViewUITests";
			productName = "SwiftUI-WebViewUITests";
			productReference = 8457FDD72B9AC6F900877209 /* SwiftUI-WebViewUITests.xctest */;
			productType = "com.apple.product-type.bundle.ui-testing";
		};
/* End PBXNativeTarget section */

/* Begin PBXProject section */
		8457FDB52B9AC6F200877209 /* Project object */ = {
			isa = PBXProject;
			attributes = {
				BuildIndependentTargetsInParallel = 1;
				LastSwiftUpdateCheck = 1520;
				LastUpgradeCheck = 1520;
				TargetAttributes = {
					8457FDBC2B9AC6F200877209 = {
						CreatedOnToolsVersion = 15.2;
					};
					8457FDCC2B9AC6F900877209 = {
						CreatedOnToolsVersion = 15.2;
						TestTargetID = 8457FDBC2B9AC6F200877209;
					};
					8457FDD62B9AC6F900877209 = {
						CreatedOnToolsVersion = 15.2;
						TestTargetID = 8457FDBC2B9AC6F200877209;
					};
				};
			};
			buildConfigurationList = 8457FDB82B9AC6F200877209 /* Build configuration list for PBXProject "SwiftUI-WebView" */;
			compatibilityVersion = "Xcode 14.0";
			developmentRegion = en;
			hasScannedForEncodings = 0;
			knownRegions = (
				en,
				Base,
			);
			mainGroup = 8457FDB42B9AC6F200877209;
			productRefGroup = 8457FDBE2B9AC6F200877209 /* Products */;
			projectDirPath = "";
			projectRoot = "";
			targets = (
				8457FDBC2B9AC6F200877209 /* SwiftUI-WebView */,
				8457FDCC2B9AC6F900877209 /* SwiftUI-WebViewTests */,
				8457FDD62B9AC6F900877209 /* SwiftUI-WebViewUITests */,
			);
		};
/* End PBXProject section */

/* Begin PBXResourcesBuildPhase section */
		8457FDBB2B9AC6F200877209 /* Resources */ = {
			isa = PBXResourcesBuildPhase;
			buildActionMask = 2147483647;
			files = (
				8457FDC82B9AC6F800877209 /* Preview Assets.xcassets in Resources */,
				8457FDC52B9AC6F800877209 /* Assets.xcassets in Resources */,
			);
			runOnlyForDeploymentPostprocessing = 0;
		};
		8457FDCB2B9AC6F900877209 /* Resources */ = {
			isa = PBXResourcesBuildPhase;
			buildActionMask = 2147483647;
			files = (
			);
			runOnlyForDeploymentPostprocessing = 0;
		};
		8457FDD52B9AC6F900877209 /* Resources */ = {
			isa = PBXResourcesBuildPhase;
			buildActionMask = 2147483647;
			files = (
			);
			runOnlyForDeploymentPostprocessing = 0;
		};
/* End PBXResourcesBuildPhase section */

/* Begin PBXSourcesBuildPhase section */
		8457FDB92B9AC6F200877209 /* Sources */ = {
			isa = PBXSourcesBuildPhase;
			buildActionMask = 2147483647;
			files = (
				8457FDC32B9AC6F200877209 /* ContentView.swift in Sources */,
				8457FDC12B9AC6F200877209 /* SwiftUI_WebViewApp.swift in Sources */,
			);
			runOnlyForDeploymentPostprocessing = 0;
		};
		8457FDC92B9AC6F900877209 /* Sources */ = {
			isa = PBXSourcesBuildPhase;
			buildActionMask = 2147483647;
			files = (
				8457FDD22B9AC6F900877209 /* SwiftUI_WebViewTests.swift in Sources */,
			);
			runOnlyForDeploymentPostprocessing = 0;
		};
		8457FDD32B9AC6F900877209 /* Sources */ = {
			isa = PBXSourcesBuildPhase;
			buildActionMask = 2147483647;
			files = (
				8457FDDE2B9AC6F900877209 /* SwiftUI_WebViewUITestsLaunchTests.swift in Sources */,
				8457FDDC2B9AC6F900877209 /* SwiftUI_WebViewUITests.swift in Sources */,
			);
			runOnlyForDeploymentPostprocessing = 0;
		};
/* End PBXSourcesBuildPhase section */

/* Begin PBXTargetDependency section */
		8457FDCF2B9AC6F900877209 /* PBXTargetDependency */ = {
			isa = PBXTargetDependency;
			target = 8457FDBC2B9AC6F200877209 /* SwiftUI-WebView */;
			targetProxy = 8457FDCE2B9AC6F900877209 /* PBXContainerItemProxy */;
		};
		8457FDD92B9AC6F900877209 /* PBXTargetDependency */ = {
			isa = PBXTargetDependency;
			target = 8457FDBC2B9AC6F200877209 /* SwiftUI-WebView */;
			targetProxy = 8457FDD82B9AC6F900877209 /* PBXContainerItemProxy */;
		};
/* End PBXTargetDependency section */

/* Begin XCBuildConfiguration section */
		8457FDDF2B9AC6F900877209 /* Debug */ = {
			isa = XCBuildConfiguration;
			buildSettings = {
				ALWAYS_SEARCH_USER_PATHS = NO;
				ASSETCATALOG_COMPILER_GENERATE_SWIFT_ASSET_SYMBOL_EXTENSIONS = YES;
				CLANG_ANALYZER_NONNULL = YES;
				CLANG_ANALYZER_NUMBER_OBJECT_CONVERSION = YES_AGGRESSIVE;
				CLANG_CXX_LANGUAGE_STANDARD = "gnu++20";
				CLANG_ENABLE_MODULES = YES;
				CLANG_ENABLE_OBJC_ARC = YES;
				CLANG_ENABLE_OBJC_WEAK = YES;
				CLANG_WARN_BLOCK_CAPTURE_AUTORELEASING = YES;
				CLANG_WARN_BOOL_CONVERSION = YES;
				CLANG_WARN_COMMA = YES;
				CLANG_WARN_CONSTANT_CONVERSION = YES;
				CLANG_WARN_DEPRECATED_OBJC_IMPLEMENTATIONS = YES;
				CLANG_WARN_DIRECT_OBJC_ISA_USAGE = YES_ERROR;
				CLANG_WARN_DOCUMENTATION_COMMENTS = YES;
				CLANG_WARN_EMPTY_BODY = YES;
				CLANG_WARN_ENUM_CONVERSION = YES;
				CLANG_WARN_INFINITE_RECURSION = YES;
				CLANG_WARN_INT_CONVERSION = YES;
				CLANG_WARN_NON_LITERAL_NULL_CONVERSION = YES;
				CLANG_WARN_OBJC_IMPLICIT_RETAIN_SELF = YES;
				CLANG_WARN_OBJC_LITERAL_CONVERSION = YES;
				CLANG_WARN_OBJC_ROOT_CLASS = YES_ERROR;
				CLANG_WARN_QUOTED_INCLUDE_IN_FRAMEWORK_HEADER = YES;
				CLANG_WARN_RANGE_LOOP_ANALYSIS = YES;
				CLANG_WARN_STRICT_PROTOTYPES = YES;
				CLANG_WARN_SUSPICIOUS_MOVE = YES;
				CLANG_WARN_UNGUARDED_AVAILABILITY = YES_AGGRESSIVE;
				CLANG_WARN_UNREACHABLE_CODE = YES;
				CLANG_WARN__DUPLICATE_METHOD_MATCH = YES;
				COPY_PHASE_STRIP = NO;
				DEBUG_INFORMATION_FORMAT = dwarf;
				ENABLE_STRICT_OBJC_MSGSEND = YES;
				ENABLE_TESTABILITY = YES;
				ENABLE_USER_SCRIPT_SANDBOXING = YES;
				GCC_C_LANGUAGE_STANDARD = gnu17;
				GCC_DYNAMIC_NO_PIC = NO;
				GCC_NO_COMMON_BLOCKS = YES;
				GCC_OPTIMIZATION_LEVEL = 0;
				GCC_PREPROCESSOR_DEFINITIONS = (
					"DEBUG=1",
					"$(inherited)",
				);
				GCC_WARN_64_TO_32_BIT_CONVERSION = YES;
				GCC_WARN_ABOUT_RETURN_TYPE = YES_ERROR;
				GCC_WARN_UNDECLARED_SELECTOR = YES;
				GCC_WARN_UNINITIALIZED_AUTOS = YES_AGGRESSIVE;
				GCC_WARN_UNUSED_FUNCTION = YES;
				GCC_WARN_UNUSED_VARIABLE = YES;
				IPHONEOS_DEPLOYMENT_TARGET = 17.2;
				LOCALIZATION_PREFERS_STRING_CATALOGS = YES;
				MTL_ENABLE_DEBUG_INFO = INCLUDE_SOURCE;
				MTL_FAST_MATH = YES;
				ONLY_ACTIVE_ARCH = YES;
				SDKROOT = iphoneos;
				SWIFT_ACTIVE_COMPILATION_CONDITIONS = "DEBUG $(inherited)";
				SWIFT_OPTIMIZATION_LEVEL = "-Onone";
			};
			name = Debug;
		};
		8457FDE02B9AC6F900877209 /* Release */ = {
			isa = XCBuildConfiguration;
			buildSettings = {
				ALWAYS_SEARCH_USER_PATHS = NO;
				ASSETCATALOG_COMPILER_GENERATE_SWIFT_ASSET_SYMBOL_EXTENSIONS = YES;
				CLANG_ANALYZER_NONNULL = YES;
				CLANG_ANALYZER_NUMBER_OBJECT_CONVERSION = YES_AGGRESSIVE;
				CLANG_CXX_LANGUAGE_STANDARD = "gnu++20";
				CLANG_ENABLE_MODULES = YES;
				CLANG_ENABLE_OBJC_ARC = YES;
				CLANG_ENABLE_OBJC_WEAK = YES;
				CLANG_WARN_BLOCK_CAPTURE_AUTORELEASING = YES;
				CLANG_WARN_BOOL_CONVERSION = YES;
				CLANG_WARN_COMMA = YES;
				CLANG_WARN_CONSTANT_CONVERSION = YES;
				CLANG_WARN_DEPRECATED_OBJC_IMPLEMENTATIONS = YES;
				CLANG_WARN_DIRECT_OBJC_ISA_USAGE = YES_ERROR;
				CLANG_WARN_DOCUMENTATION_COMMENTS = YES;
				CLANG_WARN_EMPTY_BODY = YES;
				CLANG_WARN_ENUM_CONVERSION = YES;
				CLANG_WARN_INFINITE_RECURSION = YES;
				CLANG_WARN_INT_CONVERSION = YES;
				CLANG_WARN_NON_LITERAL_NULL_CONVERSION = YES;
				CLANG_WARN_OBJC_IMPLICIT_RETAIN_SELF = YES;
				CLANG_WARN_OBJC_LITERAL_CONVERSION = YES;
				CLANG_WARN_OBJC_ROOT_CLASS = YES_ERROR;
				CLANG_WARN_QUOTED_INCLUDE_IN_FRAMEWORK_HEADER = YES;
				CLANG_WARN_RANGE_LOOP_ANALYSIS = YES;
				CLANG_WARN_STRICT_PROTOTYPES = YES;
				CLANG_WARN_SUSPICIOUS_MOVE = YES;
				CLANG_WARN_UNGUARDED_AVAILABILITY = YES_AGGRESSIVE;
				CLANG_WARN_UNREACHABLE_CODE = YES;
				CLANG_WARN__DUPLICATE_METHOD_MATCH = YES;
				COPY_PHASE_STRIP = NO;
				DEBUG_INFORMATION_FORMAT = "dwarf-with-dsym";
				ENABLE_NS_ASSERTIONS = NO;
				ENABLE_STRICT_OBJC_MSGSEND = YES;
				ENABLE_USER_SCRIPT_SANDBOXING = YES;
				GCC_C_LANGUAGE_STANDARD = gnu17;
				GCC_NO_COMMON_BLOCKS = YES;
				GCC_WARN_64_TO_32_BIT_CONVERSION = YES;
				GCC_WARN_ABOUT_RETURN_TYPE = YES_ERROR;
				GCC_WARN_UNDECLARED_SELECTOR = YES;
				GCC_WARN_UNINITIALIZED_AUTOS = YES_AGGRESSIVE;
				GCC_WARN_UNUSED_FUNCTION = YES;
				GCC_WARN_UNUSED_VARIABLE = YES;
				IPHONEOS_DEPLOYMENT_TARGET = 17.2;
				LOCALIZATION_PREFERS_STRING_CATALOGS = YES;
				MTL_ENABLE_DEBUG_INFO = NO;
				MTL_FAST_MATH = YES;
				SDKROOT = iphoneos;
				SWIFT_COMPILATION_MODE = wholemodule;
				VALIDATE_PRODUCT = YES;
			};
			name = Release;
		};
		8457FDE22B9AC6F900877209 /* Debug */ = {
			isa = XCBuildConfiguration;
			buildSettings = {
				ASSETCATALOG_COMPILER_APPICON_NAME = AppIcon;
				ASSETCATALOG_COMPILER_GLOBAL_ACCENT_COLOR_NAME = AccentColor;
				CODE_SIGN_STYLE = Automatic;
				CURRENT_PROJECT_VERSION = 1;
				DEVELOPMENT_ASSET_PATHS = "\"SwiftUI-WebView/Preview Content\"";
				DEVELOPMENT_TEAM = KJ79P368UQ;
				ENABLE_PREVIEWS = YES;
				GENERATE_INFOPLIST_FILE = YES;
				INFOPLIST_KEY_UIApplicationSceneManifest_Generation = YES;
				INFOPLIST_KEY_UIApplicationSupportsIndirectInputEvents = YES;
				INFOPLIST_KEY_UILaunchScreen_Generation = YES;
				INFOPLIST_KEY_UISupportedInterfaceOrientations_iPad = "UIInterfaceOrientationPortrait UIInterfaceOrientationPortraitUpsideDown UIInterfaceOrientationLandscapeLeft UIInterfaceOrientationLandscapeRight";
				INFOPLIST_KEY_UISupportedInterfaceOrientations_iPhone = "UIInterfaceOrientationPortrait UIInterfaceOrientationLandscapeLeft UIInterfaceOrientationLandscapeRight";
				LD_RUNPATH_SEARCH_PATHS = (
					"$(inherited)",
					"@executable_path/Frameworks",
				);
				MARKETING_VERSION = 1.0;
				PRODUCT_BUNDLE_IDENTIFIER = "com.example.SwiftUI-WebView";
				PRODUCT_NAME = "$(TARGET_NAME)";
				SWIFT_EMIT_LOC_STRINGS = YES;
				SWIFT_VERSION = 5.0;
				TARGETED_DEVICE_FAMILY = "1,2";
			};
			name = Debug;
		};
		8457FDE32B9AC6F900877209 /* Release */ = {
			isa = XCBuildConfiguration;
			buildSettings = {
				ASSETCATALOG_COMPILER_APPICON_NAME = AppIcon;
				ASSETCATALOG_COMPILER_GLOBAL_ACCENT_COLOR_NAME = AccentColor;
				CODE_SIGN_STYLE = Automatic;
				CURRENT_PROJECT_VERSION = 1;
				DEVELOPMENT_ASSET_PATHS = "\"SwiftUI-WebView/Preview Content\"";
				DEVELOPMENT_TEAM = KJ79P368UQ;
				ENABLE_PREVIEWS = YES;
				GENERATE_INFOPLIST_FILE = YES;
				INFOPLIST_KEY_UIApplicationSceneManifest_Generation = YES;
				INFOPLIST_KEY_UIApplicationSupportsIndirectInputEvents = YES;
				INFOPLIST_KEY_UILaunchScreen_Generation = YES;
				INFOPLIST_KEY_UISupportedInterfaceOrientations_iPad = "UIInterfaceOrientationPortrait UIInterfaceOrientationPortraitUpsideDown UIInterfaceOrientationLandscapeLeft UIInterfaceOrientationLandscapeRight";
				INFOPLIST_KEY_UISupportedInterfaceOrientations_iPhone = "UIInterfaceOrientationPortrait UIInterfaceOrientationLandscapeLeft UIInterfaceOrientationLandscapeRight";
				LD_RUNPATH_SEARCH_PATHS = (
					"$(inherited)",
					"@executable_path/Frameworks",
				);
				MARKETING_VERSION = 1.0;
				PRODUCT_BUNDLE_IDENTIFIER = "com.example.SwiftUI-WebView";
				PRODUCT_NAME = "$(TARGET_NAME)";
				SWIFT_EMIT_LOC_STRINGS = YES;
				SWIFT_VERSION = 5.0;
				TARGETED_DEVICE_FAMILY = "1,2";
			};
			name = Release;
		};
		8457FDE52B9AC6F900877209 /* Debug */ = {
			isa = XCBuildConfiguration;
			buildSettings = {
				ALWAYS_EMBED_SWIFT_STANDARD_LIBRARIES = YES;
				BUNDLE_LOADER = "$(TEST_HOST)";
				CODE_SIGN_STYLE = Automatic;
				CURRENT_PROJECT_VERSION = 1;
				DEVELOPMENT_TEAM = KJ79P368UQ;
				GENERATE_INFOPLIST_FILE = YES;
				IPHONEOS_DEPLOYMENT_TARGET = 17.2;
				MARKETING_VERSION = 1.0;
				PRODUCT_BUNDLE_IDENTIFIER = "com.example.SwiftUI-WebViewTests";
				PRODUCT_NAME = "$(TARGET_NAME)";
				SWIFT_EMIT_LOC_STRINGS = NO;
				SWIFT_VERSION = 5.0;
				TARGETED_DEVICE_FAMILY = "1,2";
				TEST_HOST = "$(BUILT_PRODUCTS_DIR)/SwiftUI-WebView.app/$(BUNDLE_EXECUTABLE_FOLDER_PATH)/SwiftUI-WebView";
			};
			name = Debug;
		};
		8457FDE62B9AC6F900877209 /* Release */ = {
			isa = XCBuildConfiguration;
			buildSettings = {
				ALWAYS_EMBED_SWIFT_STANDARD_LIBRARIES = YES;
				BUNDLE_LOADER = "$(TEST_HOST)";
				CODE_SIGN_STYLE = Automatic;
				CURRENT_PROJECT_VERSION = 1;
				DEVELOPMENT_TEAM = KJ79P368UQ;
				GENERATE_INFOPLIST_FILE = YES;
				IPHONEOS_DEPLOYMENT_TARGET = 17.2;
				MARKETING_VERSION = 1.0;
				PRODUCT_BUNDLE_IDENTIFIER = "com.example.SwiftUI-WebViewTests";
				PRODUCT_NAME = "$(TARGET_NAME)";
				SWIFT_EMIT_LOC_STRINGS = NO;
				SWIFT_VERSION = 5.0;
				TARGETED_DEVICE_FAMILY = "1,2";
				TEST_HOST = "$(BUILT_PRODUCTS_DIR)/SwiftUI-WebView.app/$(BUNDLE_EXECUTABLE_FOLDER_PATH)/SwiftUI-WebView";
			};
			name = Release;
		};
		8457FDE82B9AC6F900877209 /* Debug */ = {
			isa = XCBuildConfiguration;
			buildSettings = {
				ALWAYS_EMBED_SWIFT_STANDARD_LIBRARIES = YES;
				CODE_SIGN_STYLE = Automatic;
				CURRENT_PROJECT_VERSION = 1;
				DEVELOPMENT_TEAM = KJ79P368UQ;
				GENERATE_INFOPLIST_FILE = YES;
				MARKETING_VERSION = 1.0;
				PRODUCT_BUNDLE_IDENTIFIER = "com.example.SwiftUI-WebViewUITests";
				PRODUCT_NAME = "$(TARGET_NAME)";
				SWIFT_EMIT_LOC_STRINGS = NO;
				SWIFT_VERSION = 5.0;
				TARGETED_DEVICE_FAMILY = "1,2";
				TEST_TARGET_NAME = "SwiftUI-WebView";
			};
			name = Debug;
		};
		8457FDE92B9AC6F900877209 /* Release */ = {
			isa = XCBuildConfiguration;
			buildSettings = {
				ALWAYS_EMBED_SWIFT_STANDARD_LIBRARIES = YES;
				CODE_SIGN_STYLE = Automatic;
				CURRENT_PROJECT_VERSION = 1;
				DEVELOPMENT_TEAM = KJ79P368UQ;
				GENERATE_INFOPLIST_FILE = YES;
				MARKETING_VERSION = 1.0;
				PRODUCT_BUNDLE_IDENTIFIER = "com.example.SwiftUI-WebViewUITests";
				PRODUCT_NAME = "$(TARGET_NAME)";
				SWIFT_EMIT_LOC_STRINGS = NO;
				SWIFT_VERSION = 5.0;
				TARGETED_DEVICE_FAMILY = "1,2";
				TEST_TARGET_NAME = "SwiftUI-WebView";
			};
			name = Release;
		};
/* End XCBuildConfiguration section */

/* Begin XCConfigurationList section */
		8457FDB82B9AC6F200877209 /* Build configuration list for PBXProject "SwiftUI-WebView" */ = {
			isa = XCConfigurationList;
			buildConfigurations = (
				8457FDDF2B9AC6F900877209 /* Debug */,
				8457FDE02B9AC6F900877209 /* Release */,
			);
			defaultConfigurationIsVisible = 0;
			defaultConfigurationName = Release;
		};
		8457FDE12B9AC6F900877209 /* Build configuration list for PBXNativeTarget "SwiftUI-WebView" */ = {
			isa = XCConfigurationList;
			buildConfigurations = (
				8457FDE22B9AC6F900877209 /* Debug */,
				8457FDE32B9AC6F900877209 /* Release */,
			);
			defaultConfigurationIsVisible = 0;
			defaultConfigurationName = Release;
		};
		8457FDE42B9AC6F900877209 /* Build configuration list for PBXNativeTarget "SwiftUI-WebViewTests" */ = {
			isa = XCConfigurationList;
			buildConfigurations = (
				8457FDE52B9AC6F900877209 /* Debug */,
				8457FDE62B9AC6F900877209 /* Release */,
			);
			defaultConfigurationIsVisible = 0;
			defaultConfigurationName = Release;
		};
		8457FDE72B9AC6F900877209 /* Build configuration list for PBXNativeTarget "SwiftUI-WebViewUITests" */ = {
			isa = XCConfigurationList;
			buildConfigurations = (
				8457FDE82B9AC6F900877209 /* Debug */,
				8457FDE92B9AC6F900877209 /* Release */,
			);
			defaultConfigurationIsVisible = 0;
			defaultConfigurationName = Release;
		};
/* End XCConfigurationList section */
	};
	rootObject = 8457FDB52B9AC6F200877209 /* Project object */;
}
